
Microsoft Visual Studio Solution File, Format Version 12.00
# Visual Studio Version 17
VisualStudioVersion = 17.10.34916.146
MinimumVisualStudioVersion = 10.0.40219.1
Project("{FAE04EC0-301F-11D3-BF4B-00C04F79EFBC}") = "ToDoListAppBackend", "ToDoListAppBackend.csproj", "{32E54E0C-0642-467F-8693-44104DD29A44}"
EndProject
Global
	GlobalSection(SolutionConfigurationPlatforms) = preSolution
		Debug|Any CPU = Debug|Any CPU
		Release|Any CPU = Release|Any CPU
	EndGlobalSection
	GlobalSection(ProjectConfigurationPlatforms) = postSolution
		{32E54E0C-0642-467F-8693-44104DD29A44}.Debug|Any CPU.ActiveCfg = Debug|Any CPU
		{32E54E0C-0642-467F-8693-44104DD29A44}.Debug|Any CPU.Build.0 = Debug|Any CPU
		{32E54E0C-0642-467F-8693-44104DD29A44}.Release|Any CPU.ActiveCfg = Release|Any CPU
		{32E54E0C-0642-467F-8693-44104DD29A44}.Release|Any CPU.Build.0 = Release|Any CPU
	EndGlobalSection
	GlobalSection(SolutionProperties) = preSolution
		HideSolutionNode = FALSE
	EndGlobalSection
	GlobalSection(ExtensibilityGlobals) = postSolution
		SolutionGuid = {170E4F00-56CC-46E5-B852-BA5944D7783B}
	EndGlobalSection
EndGlobal
